
Microsoft Visual Studio Solution File, Format Version 12.00
# Visual Studio Version 16
VisualStudioVersion = 16.0.29123.88
MinimumVisualStudioVersion = 10.0.40219.1
Project("{FAE04EC0-301F-11D3-BF4B-00C04F79EFBC}") = "Garry's Mod Addon Merger", "Garry's Mod Addon Merger\Garry's Mod Addon Merger.csproj", "{686A8787-321F-4993-A685-46C0DA4C8AD5}"
EndProject
Global
	GlobalSection(SolutionConfigurationPlatforms) = preSolution
		Debug|Any CPU = Debug|Any CPU
		Release|Any CPU = Release|Any CPU
	EndGlobalSection
	GlobalSection(ProjectConfigurationPlatforms) = postSolution
		{686A8787-321F-4993-A685-46C0DA4C8AD5}.Debug|Any CPU.ActiveCfg = Debug|Any CPU
		{686A8787-321F-4993-A685-46C0DA4C8AD5}.Debug|Any CPU.Build.0 = Debug|Any CPU
		{686A8787-321F-4993-A685-46C0DA4C8AD5}.Release|Any CPU.ActiveCfg = Release|Any CPU
		{686A8787-321F-4993-A685-46C0DA4C8AD5}.Release|Any CPU.Build.0 = Release|Any CPU
	EndGlobalSection
	GlobalSection(SolutionProperties) = preSolution
		HideSolutionNode = FALSE
	EndGlobalSection
	GlobalSection(ExtensibilityGlobals) = postSolution
		SolutionGuid = {5C4EE6AC-54F3-43E4-B090-72D51B947032}
	EndGlobalSection
EndGlobal
